
Microsoft Visual Studio Solution File, Format Version 12.00
# Visual Studio Version 17
VisualStudioVersion = 17.12.35527.113
MinimumVisualStudioVersion = 10.0.40219.1
Project("{2150E333-8FDC-42A3-9474-1A3956D46DE8}") = "src", "src", "{F2144F83-2E1B-4D51-AFDA-E1B9D700CE91}"
EndProject
Project("{2150E333-8FDC-42A3-9474-1A3956D46DE8}") = "tests", "tests", "{F1ED1409-9297-4017-8B7B-0E7C50FCD347}"
EndProject
Project("{FAE04EC0-301F-11D3-BF4B-00C04F79EFBC}") = "FC.Codeflix.Catalog.UnitTests", "tests\FC.Codeflix.Catalog.UnitTests\FC.Codeflix.Catalog.UnitTests.csproj", "{858880E7-953B-4C3B-A5EE-E97DBAF4F409}"
EndProject
Project("{FAE04EC0-301F-11D3-BF4B-00C04F79EFBC}") = "FC.Codeflix.Catalog.Domain", "FC.Codeflix.Catalog.Domain\FC.Codeflix.Catalog.Domain.csproj", "{7408FDB9-BFC6-4A50-AAA9-031F93558FBC}"
EndProject
Project("{FAE04EC0-301F-11D3-BF4B-00C04F79EFBC}") = "FC.Codeflix.Catalog.Application", "src\FC.Codeflix.Catalog.Application\FC.Codeflix.Catalog.Application.csproj", "{BE764026-C061-41C3-ABC4-ADB8127BB123}"
EndProject
Project("{FAE04EC0-301F-11D3-BF4B-00C04F79EFBC}") = "FC.Codeflix.Catalog.IntegrationTests", "tests\FC.Codeflix.Catalog.IntegrationTests\FC.Codeflix.Catalog.IntegrationTests.csproj", "{B9F375C6-799A-4F00-B7AD-C76BFE7920AB}"
EndProject
Project("{FAE04EC0-301F-11D3-BF4B-00C04F79EFBC}") = "FC.Codeflix.Catalog.Infra.Data.EF", "FC.Codeflix.Catalog.Infra\FC.Codeflix.Catalog.Infra.Data.EF.csproj", "{01DD30D9-111B-42A6-A4D1-24130BD5F4EA}"
EndProject
Project("{FAE04EC0-301F-11D3-BF4B-00C04F79EFBC}") = "FC.Codeflix.Catalog.Api", "src\FC.Codeflix.Catalog.Api\FC.Codeflix.Catalog.Api.csproj", "{40D170B2-6B3F-4261-8973-A29E4CD5B6D1}"
EndProject
Global
	GlobalSection(SolutionConfigurationPlatforms) = preSolution
		Debug|Any CPU = Debug|Any CPU
		Release|Any CPU = Release|Any CPU
	EndGlobalSection
	GlobalSection(ProjectConfigurationPlatforms) = postSolution
		{858880E7-953B-4C3B-A5EE-E97DBAF4F409}.Debug|Any CPU.ActiveCfg = Debug|Any CPU
		{858880E7-953B-4C3B-A5EE-E97DBAF4F409}.Debug|Any CPU.Build.0 = Debug|Any CPU
		{858880E7-953B-4C3B-A5EE-E97DBAF4F409}.Release|Any CPU.ActiveCfg = Release|Any CPU
		{858880E7-953B-4C3B-A5EE-E97DBAF4F409}.Release|Any CPU.Build.0 = Release|Any CPU
		{7408FDB9-BFC6-4A50-AAA9-031F93558FBC}.Debug|Any CPU.ActiveCfg = Debug|Any CPU
		{7408FDB9-BFC6-4A50-AAA9-031F93558FBC}.Debug|Any CPU.Build.0 = Debug|Any CPU
		{7408FDB9-BFC6-4A50-AAA9-031F93558FBC}.Release|Any CPU.ActiveCfg = Release|Any CPU
		{7408FDB9-BFC6-4A50-AAA9-031F93558FBC}.Release|Any CPU.Build.0 = Release|Any CPU
		{BE764026-C061-41C3-ABC4-ADB8127BB123}.Debug|Any CPU.ActiveCfg = Debug|Any CPU
		{BE764026-C061-41C3-ABC4-ADB8127BB123}.Debug|Any CPU.Build.0 = Debug|Any CPU
		{BE764026-C061-41C3-ABC4-ADB8127BB123}.Release|Any CPU.ActiveCfg = Release|Any CPU
		{BE764026-C061-41C3-ABC4-ADB8127BB123}.Release|Any CPU.Build.0 = Release|Any CPU
		{B9F375C6-799A-4F00-B7AD-C76BFE7920AB}.Debug|Any CPU.ActiveCfg = Debug|Any CPU
		{B9F375C6-799A-4F00-B7AD-C76BFE7920AB}.Debug|Any CPU.Build.0 = Debug|Any CPU
		{B9F375C6-799A-4F00-B7AD-C76BFE7920AB}.Release|Any CPU.ActiveCfg = Release|Any CPU
		{B9F375C6-799A-4F00-B7AD-C76BFE7920AB}.Release|Any CPU.Build.0 = Release|Any CPU
		{01DD30D9-111B-42A6-A4D1-24130BD5F4EA}.Debug|Any CPU.ActiveCfg = Debug|Any CPU
		{01DD30D9-111B-42A6-A4D1-24130BD5F4EA}.Debug|Any CPU.Build.0 = Debug|Any CPU
		{01DD30D9-111B-42A6-A4D1-24130BD5F4EA}.Release|Any CPU.ActiveCfg = Release|Any CPU
		{01DD30D9-111B-42A6-A4D1-24130BD5F4EA}.Release|Any CPU.Build.0 = Release|Any CPU
		{40D170B2-6B3F-4261-8973-A29E4CD5B6D1}.Debug|Any CPU.ActiveCfg = Debug|Any CPU
		{40D170B2-6B3F-4261-8973-A29E4CD5B6D1}.Debug|Any CPU.Build.0 = Debug|Any CPU
		{40D170B2-6B3F-4261-8973-A29E4CD5B6D1}.Release|Any CPU.ActiveCfg = Release|Any CPU
		{40D170B2-6B3F-4261-8973-A29E4CD5B6D1}.Release|Any CPU.Build.0 = Release|Any CPU
	EndGlobalSection
	GlobalSection(SolutionProperties) = preSolution
		HideSolutionNode = FALSE
	EndGlobalSection
	GlobalSection(NestedProjects) = preSolution
		{858880E7-953B-4C3B-A5EE-E97DBAF4F409} = {F1ED1409-9297-4017-8B7B-0E7C50FCD347}
		{7408FDB9-BFC6-4A50-AAA9-031F93558FBC} = {F2144F83-2E1B-4D51-AFDA-E1B9D700CE91}
		{BE764026-C061-41C3-ABC4-ADB8127BB123} = {F2144F83-2E1B-4D51-AFDA-E1B9D700CE91}
		{B9F375C6-799A-4F00-B7AD-C76BFE7920AB} = {F1ED1409-9297-4017-8B7B-0E7C50FCD347}
		{01DD30D9-111B-42A6-A4D1-24130BD5F4EA} = {F2144F83-2E1B-4D51-AFDA-E1B9D700CE91}
		{40D170B2-6B3F-4261-8973-A29E4CD5B6D1} = {F2144F83-2E1B-4D51-AFDA-E1B9D700CE91}
	EndGlobalSection
	GlobalSection(ExtensibilityGlobals) = postSolution
		SolutionGuid = {84B4E2DE-2BB8-4669-8D18-7E63801873E9}
	EndGlobalSection
EndGlobal
